{
  "object": {
    "pins": [
      {
        "package": "RetroSwift",
        "repositoryURL": "https://github.com/shericksam/RetroSwift.git",
        "state": {
          "branch": null,
          "revision": "b044c3924fcaece1fe8d829562a195c1a72e252c",
          "version": "1.2.7"
        }
      }
    ]
  },
  "version": 1
}
