// !$*UTF8*$!
{
	archiveVersion = 1;
	classes = {
	};
	objectVersion = 50;
	objects = {

/* Begin PBXBuildFile section */
		C5BBA7C225DC31A5001850E1 /* IATestApp.swift in Sources */ = {isa = PBXBuildFile; fileRef = C5BBA7C125DC31A5001850E1 /* IATestApp.swift */; };
		C5BBA7C425DC31A5001850E1 /* ContentView.swift in Sources */ = {isa = PBXBuildFile; fileRef = C5BBA7C325DC31A5001850E1 /* ContentView.swift */; };
		C5BBA7C625DC31A9001850E1 /* Assets.xcassets in Resources */ = {isa = PBXBuildFile; fileRef = C5BBA7C525DC31A9001850E1 /* Assets.xcassets */; };
		C5BBA7C925DC31A9001850E1 /* Preview Assets.xcassets in Resources */ = {isa = PBXBuildFile; fileRef = C5BBA7C825DC31A9001850E1 /* Preview Assets.xcassets */; };
		C5BBA7CB25DC31A9001850E1 /* Persistence.swift in Sources */ = {isa = PBXBuildFile; fileRef = C5BBA7CA25DC31A9001850E1 /* Persistence.swift */; };
		C5BBA7CE25DC31A9001850E1 /* IATest.xcdatamodeld in Sources */ = {isa = PBXBuildFile; fileRef = C5BBA7CC25DC31A9001850E1 /* IATest.xcdatamodeld */; };
		C5BBA7D925DC31A9001850E1 /* IATestTests.swift in Sources */ = {isa = PBXBuildFile; fileRef = C5BBA7D825DC31A9001850E1 /* IATestTests.swift */; };
		C5BBA7E425DC31A9001850E1 /* IATestUITests.swift in Sources */ = {isa = PBXBuildFile; fileRef = C5BBA7E325DC31A9001850E1 /* IATestUITests.swift */; };
/* End PBXBuildFile section */

/* Begin PBXContainerItemProxy section */
		C5BBA7D525DC31A9001850E1 /* PBXContainerItemProxy */ = {
			isa = PBXContainerItemProxy;
			containerPortal = C5BBA7B625DC31A5001850E1 /* Project object */;
			proxyType = 1;
			remoteGlobalIDString = C5BBA7BD25DC31A5001850E1;
			remoteInfo = IATest;
		};
		C5BBA7E025DC31A9001850E1 /* PBXContainerItemProxy */ = {
			isa = PBXContainerItemProxy;
			containerPortal = C5BBA7B625DC31A5001850E1 /* Project object */;
			proxyType = 1;
			remoteGlobalIDString = C5BBA7BD25DC31A5001850E1;
			remoteInfo = IATest;
		};
/* End PBXContainerItemProxy section */

/* Begin PBXFileReference section */
		C5BBA7BE25DC31A5001850E1 /* IATest.app */ = {isa = PBXFileReference; explicitFileType = wrapper.application; includeInIndex = 0; path = IATest.app; sourceTree = BUILT_PRODUCTS_DIR; };
		C5BBA7C125DC31A5001850E1 /* IATestApp.swift */ = {isa = PBXFileReference; lastKnownFileType = sourcecode.swift; path = IATestApp.swift; sourceTree = "<group>"; };
		C5BBA7C325DC31A5001850E1 /* ContentView.swift */ = {isa = PBXFileReference; lastKnownFileType = sourcecode.swift; path = ContentView.swift; sourceTree = "<group>"; };
		C5BBA7C525DC31A9001850E1 /* Assets.xcassets */ = {isa = PBXFileReference; lastKnownFileType = folder.assetcatalog; path = Assets.xcassets; sourceTree = "<group>"; };
		C5BBA7C825DC31A9001850E1 /* Preview Assets.xcassets */ = {isa = PBXFileReference; lastKnownFileType = folder.assetcatalog; path = "Preview Assets.xcassets"; sourceTree = "<group>"; };
		C5BBA7CA25DC31A9001850E1 /* Persistence.swift */ = {isa = PBXFileReference; lastKnownFileType = sourcecode.swift; path = Persistence.swift; sourceTree = "<group>"; };
		C5BBA7CD25DC31A9001850E1 /* IATest.xcdatamodel */ = {isa = PBXFileReference; lastKnownFileType = wrapper.xcdatamodel; path = IATest.xcdatamodel; sourceTree = "<group>"; };
		C5BBA7CF25DC31A9001850E1 /* Info.plist */ = {isa = PBXFileReference; lastKnownFileType = text.plist.xml; path = Info.plist; sourceTree = "<group>"; };
		C5BBA7D425DC31A9001850E1 /* IATestTests.xctest */ = {isa = PBXFileReference; explicitFileType = wrapper.cfbundle; includeInIndex = 0; path = IATestTests.xctest; sourceTree = BUILT_PRODUCTS_DIR; };
		C5BBA7D825DC31A9001850E1 /* IATestTests.swift */ = {isa = PBXFileReference; lastKnownFileType = sourcecode.swift; path = IATestTests.swift; sourceTree = "<group>"; };
		C5BBA7DA25DC31A9001850E1 /* Info.plist */ = {isa = PBXFileReference; lastKnownFileType = text.plist.xml; path = Info.plist; sourceTree = "<group>"; };
		C5BBA7DF25DC31A9001850E1 /* IATestUITests.xctest */ = {isa = PBXFileReference; explicitFileType = wrapper.cfbundle; includeInIndex = 0; path = IATestUITests.xctest; sourceTree = BUILT_PRODUCTS_DIR; };
		C5BBA7E325DC31A9001850E1 /* IATestUITests.swift */ = {isa = PBXFileReference; lastKnownFileType = sourcecode.swift; path = IATestUITests.swift; sourceTree = "<group>"; };
		C5BBA7E525DC31A9001850E1 /* Info.plist */ = {isa = PBXFileReference; lastKnownFileType = text.plist.xml; path = Info.plist; sourceTree = "<group>"; };
/* End PBXFileReference section */

/* Begin PBXFrameworksBuildPhase section */
		C5BBA7BB25DC31A5001850E1 /* Frameworks */ = {
			isa = PBXFrameworksBuildPhase;
			buildActionMask = 2147483647;
			files = (
			);
			runOnlyForDeploymentPostprocessing = 0;
		};
		C5BBA7D125DC31A9001850E1 /* Frameworks */ = {
			isa = PBXFrameworksBuildPhase;
			buildActionMask = 2147483647;
			files = (
			);
			runOnlyForDeploymentPostprocessing = 0;
		};
		C5BBA7DC25DC31A9001850E1 /* Frameworks */ = {
			isa = PBXFrameworksBuildPhase;
			buildActionMask = 2147483647;
			files = (
			);
			runOnlyForDeploymentPostprocessing = 0;
		};
/* End PBXFrameworksBuildPhase section */

/* Begin PBXGroup section */
		C5BBA7B525DC31A5001850E1 = {
			isa = PBXGroup;
			children = (
				C5BBA7C025DC31A5001850E1 /* IATest */,
				C5BBA7D725DC31A9001850E1 /* IATestTests */,
				C5BBA7E225DC31A9001850E1 /* IATestUITests */,
				C5BBA7BF25DC31A5001850E1 /* Products */,
			);
			sourceTree = "<group>";
		};
		C5BBA7BF25DC31A5001850E1 /* Products */ = {
			isa = PBXGroup;
			children = (
				C5BBA7BE25DC31A5001850E1 /* IATest.app */,
				C5BBA7D425DC31A9001850E1 /* IATestTests.xctest */,
				C5BBA7DF25DC31A9001850E1 /* IATestUITests.xctest */,
			);
			name = Products;
			sourceTree = "<group>";
		};
		C5BBA7C025DC31A5001850E1 /* IATest */ = {
			isa = PBXGroup;
			children = (
				C5BBA7C125DC31A5001850E1 /* IATestApp.swift */,
				C5BBA7C325DC31A5001850E1 /* ContentView.swift */,
				C5BBA7C525DC31A9001850E1 /* Assets.xcassets */,
				C5BBA7CA25DC31A9001850E1 /* Persistence.swift */,
				C5BBA7CF25DC31A9001850E1 /* Info.plist */,
				C5BBA7CC25DC31A9001850E1 /* IATest.xcdatamodeld */,
				C5BBA7C725DC31A9001850E1 /* Preview Content */,
			);
			path = IATest;
			sourceTree = "<group>";
		};
		C5BBA7C725DC31A9001850E1 /* Preview Content */ = {
			isa = PBXGroup;
			children = (
				C5BBA7C825DC31A9001850E1 /* Preview Assets.xcassets */,
			);
			path = "Preview Content";
			sourceTree = "<group>";
		};
		C5BBA7D725DC31A9001850E1 /* IATestTests */ = {
			isa = PBXGroup;
			children = (
				C5BBA7D825DC31A9001850E1 /* IATestTests.swift */,
				C5BBA7DA25DC31A9001850E1 /* Info.plist */,
			);
			path = IATestTests;
			sourceTree = "<group>";
		};
		C5BBA7E225DC31A9001850E1 /* IATestUITests */ = {
			isa = PBXGroup;
			children = (
				C5BBA7E325DC31A9001850E1 /* IATestUITests.swift */,
				C5BBA7E525DC31A9001850E1 /* Info.plist */,
			);
			path = IATestUITests;
			sourceTree = "<group>";
		};
/* End PBXGroup section */

/* Begin PBXNativeTarget section */
		C5BBA7BD25DC31A5001850E1 /* IATest */ = {
			isa = PBXNativeTarget;
			buildConfigurationList = C5BBA7E825DC31A9001850E1 /* Build configuration list for PBXNativeTarget "IATest" */;
			buildPhases = (
				C5BBA7BA25DC31A5001850E1 /* Sources */,
				C5BBA7BB25DC31A5001850E1 /* Frameworks */,
				C5BBA7BC25DC31A5001850E1 /* Resources */,
			);
			buildRules = (
			);
			dependencies = (
			);
			name = IATest;
			productName = IATest;
			productReference = C5BBA7BE25DC31A5001850E1 /* IATest.app */;
			productType = "com.apple.product-type.application";
		};
		C5BBA7D325DC31A9001850E1 /* IATestTests */ = {
			isa = PBXNativeTarget;
			buildConfigurationList = C5BBA7EB25DC31A9001850E1 /* Build configuration list for PBXNativeTarget "IATestTests" */;
			buildPhases = (
				C5BBA7D025DC31A9001850E1 /* Sources */,
				C5BBA7D125DC31A9001850E1 /* Frameworks */,
				C5BBA7D225DC31A9001850E1 /* Resources */,
			);
			buildRules = (
			);
			dependencies = (
				C5BBA7D625DC31A9001850E1 /* PBXTargetDependency */,
			);
			name = IATestTests;
			productName = IATestTests;
			productReference = C5BBA7D425DC31A9001850E1 /* IATestTests.xctest */;
			productType = "com.apple.product-type.bundle.unit-test";
		};
		C5BBA7DE25DC31A9001850E1 /* IATestUITests */ = {
			isa = PBXNativeTarget;
			buildConfigurationList = C5BBA7EE25DC31A9001850E1 /* Build configuration list for PBXNativeTarget "IATestUITests" */;
			buildPhases = (
				C5BBA7DB25DC31A9001850E1 /* Sources */,
				C5BBA7DC25DC31A9001850E1 /* Frameworks */,
				C5BBA7DD25DC31A9001850E1 /* Resources */,
			);
			buildRules = (
			);
			dependencies = (
				C5BBA7E125DC31A9001850E1 /* PBXTargetDependency */,
			);
			name = IATestUITests;
			productName = IATestUITests;
			productReference = C5BBA7DF25DC31A9001850E1 /* IATestUITests.xctest */;
			productType = "com.apple.product-type.bundle.ui-testing";
		};
/* End PBXNativeTarget section */

/* Begin PBXProject section */
		C5BBA7B625DC31A5001850E1 /* Project object */ = {
			isa = PBXProject;
			attributes = {
				LastSwiftUpdateCheck = 1240;
				LastUpgradeCheck = 1240;
				TargetAttributes = {
					C5BBA7BD25DC31A5001850E1 = {
						CreatedOnToolsVersion = 12.4;
					};
					C5BBA7D325DC31A9001850E1 = {
						CreatedOnToolsVersion = 12.4;
						TestTargetID = C5BBA7BD25DC31A5001850E1;
					};
					C5BBA7DE25DC31A9001850E1 = {
						CreatedOnToolsVersion = 12.4;
						TestTargetID = C5BBA7BD25DC31A5001850E1;
					};
				};
			};
			buildConfigurationList = C5BBA7B925DC31A5001850E1 /* Build configuration list for PBXProject "IATest" */;
			compatibilityVersion = "Xcode 9.3";
			developmentRegion = en;
			hasScannedForEncodings = 0;
			knownRegions = (
				en,
				Base,
			);
			mainGroup = C5BBA7B525DC31A5001850E1;
			productRefGroup = C5BBA7BF25DC31A5001850E1 /* Products */;
			projectDirPath = "";
			projectRoot = "";
			targets = (
				C5BBA7BD25DC31A5001850E1 /* IATest */,
				C5BBA7D325DC31A9001850E1 /* IATestTests */,
				C5BBA7DE25DC31A9001850E1 /* IATestUITests */,
			);
		};
/* End PBXProject section */

/* Begin PBXResourcesBuildPhase section */
		C5BBA7BC25DC31A5001850E1 /* Resources */ = {
			isa = PBXResourcesBuildPhase;
			buildActionMask = 2147483647;
			files = (
				C5BBA7C925DC31A9001850E1 /* Preview Assets.xcassets in Resources */,
				C5BBA7C625DC31A9001850E1 /* Assets.xcassets in Resources */,
			);
			runOnlyForDeploymentPostprocessing = 0;
		};
		C5BBA7D225DC31A9001850E1 /* Resources */ = {
			isa = PBXResourcesBuildPhase;
			buildActionMask = 2147483647;
			files = (
			);
			runOnlyForDeploymentPostprocessing = 0;
		};
		C5BBA7DD25DC31A9001850E1 /* Resources */ = {
			isa = PBXResourcesBuildPhase;
			buildActionMask = 2147483647;
			files = (
			);
			runOnlyForDeploymentPostprocessing = 0;
		};
/* End PBXResourcesBuildPhase section */

/* Begin PBXSourcesBuildPhase section */
		C5BBA7BA25DC31A5001850E1 /* Sources */ = {
			isa = PBXSourcesBuildPhase;
			buildActionMask = 2147483647;
			files = (
				C5BBA7CB25DC31A9001850E1 /* Persistence.swift in Sources */,
				C5BBA7CE25DC31A9001850E1 /* IATest.xcdatamodeld in Sources */,
				C5BBA7C425DC31A5001850E1 /* ContentView.swift in Sources */,
				C5BBA7C225DC31A5001850E1 /* IATestApp.swift in Sources */,
			);
			runOnlyForDeploymentPostprocessing = 0;
		};
		C5BBA7D025DC31A9001850E1 /* Sources */ = {
			isa = PBXSourcesBuildPhase;
			buildActionMask = 2147483647;
			files = (
				C5BBA7D925DC31A9001850E1 /* IATestTests.swift in Sources */,
			);
			runOnlyForDeploymentPostprocessing = 0;
		};
		C5BBA7DB25DC31A9001850E1 /* Sources */ = {
			isa = PBXSourcesBuildPhase;
			buildActionMask = 2147483647;
			files = (
				C5BBA7E425DC31A9001850E1 /* IATestUITests.swift in Sources */,
			);
			runOnlyForDeploymentPostprocessing = 0;
		};
/* End PBXSourcesBuildPhase section */

/* Begin PBXTargetDependency section */
		C5BBA7D625DC31A9001850E1 /* PBXTargetDependency */ = {
			isa = PBXTargetDependency;
			target = C5BBA7BD25DC31A5001850E1 /* IATest */;
			targetProxy = C5BBA7D525DC31A9001850E1 /* PBXContainerItemProxy */;
		};
		C5BBA7E125DC31A9001850E1 /* PBXTargetDependency */ = {
			isa = PBXTargetDependency;
			target = C5BBA7BD25DC31A5001850E1 /* IATest */;
			targetProxy = C5BBA7E025DC31A9001850E1 /* PBXContainerItemProxy */;
		};
/* End PBXTargetDependency section */

/* Begin XCBuildConfiguration section */
		C5BBA7E625DC31A9001850E1 /* Debug */ = {
			isa = XCBuildConfiguration;
			buildSettings = {
				ALWAYS_SEARCH_USER_PATHS = NO;
				CLANG_ANALYZER_NONNULL = YES;
				CLANG_ANALYZER_NUMBER_OBJECT_CONVERSION = YES_AGGRESSIVE;
				CLANG_CXX_LANGUAGE_STANDARD = "gnu++14";
				CLANG_CXX_LIBRARY = "libc++";
				CLANG_ENABLE_MODULES = YES;
				CLANG_ENABLE_OBJC_ARC = YES;
				CLANG_ENABLE_OBJC_WEAK = YES;
				CLANG_WARN_BLOCK_CAPTURE_AUTORELEASING = YES;
				CLANG_WARN_BOOL_CONVERSION = YES;
				CLANG_WARN_COMMA = YES;
				CLANG_WARN_CONSTANT_CONVERSION = YES;
				CLANG_WARN_DEPRECATED_OBJC_IMPLEMENTATIONS = YES;
				CLANG_WARN_DIRECT_OBJC_ISA_USAGE = YES_ERROR;
				CLANG_WARN_DOCUMENTATION_COMMENTS = YES;
				CLANG_WARN_EMPTY_BODY = YES;
				CLANG_WARN_ENUM_CONVERSION = YES;
				CLANG_WARN_INFINITE_RECURSION = YES;
				CLANG_WARN_INT_CONVERSION = YES;
				CLANG_WARN_NON_LITERAL_NULL_CONVERSION = YES;
				CLANG_WARN_OBJC_IMPLICIT_RETAIN_SELF = YES;
				CLANG_WARN_OBJC_LITERAL_CONVERSION = YES;
				CLANG_WARN_OBJC_ROOT_CLASS = YES_ERROR;
				CLANG_WARN_QUOTED_INCLUDE_IN_FRAMEWORK_HEADER = YES;
				CLANG_WARN_RANGE_LOOP_ANALYSIS = YES;
				CLANG_WARN_STRICT_PROTOTYPES = YES;
				CLANG_WARN_SUSPICIOUS_MOVE = YES;
				CLANG_WARN_UNGUARDED_AVAILABILITY = YES_AGGRESSIVE;
				CLANG_WARN_UNREACHABLE_CODE = YES;
				CLANG_WARN__DUPLICATE_METHOD_MATCH = YES;
				COPY_PHASE_STRIP = NO;
				DEBUG_INFORMATION_FORMAT = dwarf;
				ENABLE_STRICT_OBJC_MSGSEND = YES;
				ENABLE_TESTABILITY = YES;
				GCC_C_LANGUAGE_STANDARD = gnu11;
				GCC_DYNAMIC_NO_PIC = NO;
				GCC_NO_COMMON_BLOCKS = YES;
				GCC_OPTIMIZATION_LEVEL = 0;
				GCC_PREPROCESSOR_DEFINITIONS = (
					"DEBUG=1",
					"$(inherited)",
				);
				GCC_WARN_64_TO_32_BIT_CONVERSION = YES;
				GCC_WARN_ABOUT_RETURN_TYPE = YES_ERROR;
				GCC_WARN_UNDECLARED_SELECTOR = YES;
				GCC_WARN_UNINITIALIZED_AUTOS = YES_AGGRESSIVE;
				GCC_WARN_UNUSED_FUNCTION = YES;
				GCC_WARN_UNUSED_VARIABLE = YES;
				IPHONEOS_DEPLOYMENT_TARGET = 14.4;
				MTL_ENABLE_DEBUG_INFO = INCLUDE_SOURCE;
				MTL_FAST_MATH = YES;
				ONLY_ACTIVE_ARCH = YES;
				SDKROOT = iphoneos;
				SWIFT_ACTIVE_COMPILATION_CONDITIONS = DEBUG;
				SWIFT_OPTIMIZATION_LEVEL = "-Onone";
			};
			name = Debug;
		};
		C5BBA7E725DC31A9001850E1 /* Release */ = {
			isa = XCBuildConfiguration;
			buildSettings = {
				ALWAYS_SEARCH_USER_PATHS = NO;
				CLANG_ANALYZER_NONNULL = YES;
				CLANG_ANALYZER_NUMBER_OBJECT_CONVERSION = YES_AGGRESSIVE;
				CLANG_CXX_LANGUAGE_STANDARD = "gnu++14";
				CLANG_CXX_LIBRARY = "libc++";
				CLANG_ENABLE_MODULES = YES;
				CLANG_ENABLE_OBJC_ARC = YES;
				CLANG_ENABLE_OBJC_WEAK = YES;
				CLANG_WARN_BLOCK_CAPTURE_AUTORELEASING = YES;
				CLANG_WARN_BOOL_CONVERSION = YES;
				CLANG_WARN_COMMA = YES;
				CLANG_WARN_CONSTANT_CONVERSION = YES;
				CLANG_WARN_DEPRECATED_OBJC_IMPLEMENTATIONS = YES;
				CLANG_WARN_DIRECT_OBJC_ISA_USAGE = YES_ERROR;
				CLANG_WARN_DOCUMENTATION_COMMENTS = YES;
				CLANG_WARN_EMPTY_BODY = YES;
				CLANG_WARN_ENUM_CONVERSION = YES;
				CLANG_WARN_INFINITE_RECURSION = YES;
				CLANG_WARN_INT_CONVERSION = YES;
				CLANG_WARN_NON_LITERAL_NULL_CONVERSION = YES;
				CLANG_WARN_OBJC_IMPLICIT_RETAIN_SELF = YES;
				CLANG_WARN_OBJC_LITERAL_CONVERSION = YES;
				CLANG_WARN_OBJC_ROOT_CLASS = YES_ERROR;
				CLANG_WARN_QUOTED_INCLUDE_IN_FRAMEWORK_HEADER = YES;
				CLANG_WARN_RANGE_LOOP_ANALYSIS = YES;
				CLANG_WARN_STRICT_PROTOTYPES = YES;
				CLANG_WARN_SUSPICIOUS_MOVE = YES;
				CLANG_WARN_UNGUARDED_AVAILABILITY = YES_AGGRESSIVE;
				CLANG_WARN_UNREACHABLE_CODE = YES;
				CLANG_WARN__DUPLICATE_METHOD_MATCH = YES;
				COPY_PHASE_STRIP = NO;
				DEBUG_INFORMATION_FORMAT = "dwarf-with-dsym";
				ENABLE_NS_ASSERTIONS = NO;
				ENABLE_STRICT_OBJC_MSGSEND = YES;
				GCC_C_LANGUAGE_STANDARD = gnu11;
				GCC_NO_COMMON_BLOCKS = YES;
				GCC_WARN_64_TO_32_BIT_CONVERSION = YES;
				GCC_WARN_ABOUT_RETURN_TYPE = YES_ERROR;
				GCC_WARN_UNDECLARED_SELECTOR = YES;
				GCC_WARN_UNINITIALIZED_AUTOS = YES_AGGRESSIVE;
				GCC_WARN_UNUSED_FUNCTION = YES;
				GCC_WARN_UNUSED_VARIABLE = YES;
				IPHONEOS_DEPLOYMENT_TARGET = 14.4;
				MTL_ENABLE_DEBUG_INFO = NO;
				MTL_FAST_MATH = YES;
				SDKROOT = iphoneos;
				SWIFT_COMPILATION_MODE = wholemodule;
				SWIFT_OPTIMIZATION_LEVEL = "-O";
				VALIDATE_PRODUCT = YES;
			};
			name = Release;
		};
		C5BBA7E925DC31A9001850E1 /* Debug */ = {
			isa = XCBuildConfiguration;
			buildSettings = {
				ASSETCATALOG_COMPILER_APPICON_NAME = AppIcon;
				ASSETCATALOG_COMPILER_GLOBAL_ACCENT_COLOR_NAME = AccentColor;
				CODE_SIGN_STYLE = Automatic;
				DEVELOPMENT_ASSET_PATHS = "\"IATest/Preview Content\"";
				DEVELOPMENT_TEAM = 5K9BZ25Z7G;
				ENABLE_PREVIEWS = YES;
				INFOPLIST_FILE = IATest/Info.plist;
				IPHONEOS_DEPLOYMENT_TARGET = 14.0;
				LD_RUNPATH_SEARCH_PATHS = (
					"$(inherited)",
					"@executable_path/Frameworks",
				);
				PRODUCT_BUNDLE_IDENTIFIER = com.shericksam.IATest;
				PRODUCT_NAME = "$(TARGET_NAME)";
				SWIFT_VERSION = 5.0;
				TARGETED_DEVICE_FAMILY = "1,2";
			};
			name = Debug;
		};
		C5BBA7EA25DC31A9001850E1 /* Release */ = {
			isa = XCBuildConfiguration;
			buildSettings = {
				ASSETCATALOG_COMPILER_APPICON_NAME = AppIcon;
				ASSETCATALOG_COMPILER_GLOBAL_ACCENT_COLOR_NAME = AccentColor;
				CODE_SIGN_STYLE = Automatic;
				DEVELOPMENT_ASSET_PATHS = "\"IATest/Preview Content\"";
				DEVELOPMENT_TEAM = 5K9BZ25Z7G;
				ENABLE_PREVIEWS = YES;
				INFOPLIST_FILE = IATest/Info.plist;
				IPHONEOS_DEPLOYMENT_TARGET = 14.0;
				LD_RUNPATH_SEARCH_PATHS = (
					"$(inherited)",
					"@executable_path/Frameworks",
				);
				PRODUCT_BUNDLE_IDENTIFIER = com.shericksam.IATest;
				PRODUCT_NAME = "$(TARGET_NAME)";
				SWIFT_VERSION = 5.0;
				TARGETED_DEVICE_FAMILY = "1,2";
			};
			name = Release;
		};
		C5BBA7EC25DC31A9001850E1 /* Debug */ = {
			isa = XCBuildConfiguration;
			buildSettings = {
				ALWAYS_EMBED_SWIFT_STANDARD_LIBRARIES = YES;
				BUNDLE_LOADER = "$(TEST_HOST)";
				CODE_SIGN_STYLE = Automatic;
				DEVELOPMENT_TEAM = 5K9BZ25Z7G;
				INFOPLIST_FILE = IATestTests/Info.plist;
				IPHONEOS_DEPLOYMENT_TARGET = 14.0;
				LD_RUNPATH_SEARCH_PATHS = (
					"$(inherited)",
					"@executable_path/Frameworks",
					"@loader_path/Frameworks",
				);
				PRODUCT_BUNDLE_IDENTIFIER = com.shericksam.IATestTests;
				PRODUCT_NAME = "$(TARGET_NAME)";
				SWIFT_VERSION = 5.0;
				TARGETED_DEVICE_FAMILY = "1,2";
				TEST_HOST = "$(BUILT_PRODUCTS_DIR)/IATest.app/IATest";
			};
			name = Debug;
		};
		C5BBA7ED25DC31A9001850E1 /* Release */ = {
			isa = XCBuildConfiguration;
			buildSettings = {
				ALWAYS_EMBED_SWIFT_STANDARD_LIBRARIES = YES;
				BUNDLE_LOADER = "$(TEST_HOST)";
				CODE_SIGN_STYLE = Automatic;
				DEVELOPMENT_TEAM = 5K9BZ25Z7G;
				INFOPLIST_FILE = IATestTests/Info.plist;
				IPHONEOS_DEPLOYMENT_TARGET = 14.0;
				LD_RUNPATH_SEARCH_PATHS = (
					"$(inherited)",
					"@executable_path/Frameworks",
					"@loader_path/Frameworks",
				);
				PRODUCT_BUNDLE_IDENTIFIER = com.shericksam.IATestTests;
				PRODUCT_NAME = "$(TARGET_NAME)";
				SWIFT_VERSION = 5.0;
				TARGETED_DEVICE_FAMILY = "1,2";
				TEST_HOST = "$(BUILT_PRODUCTS_DIR)/IATest.app/IATest";
			};
			name = Release;
		};
		C5BBA7EF25DC31A9001850E1 /* Debug */ = {
			isa = XCBuildConfiguration;
			buildSettings = {
				ALWAYS_EMBED_SWIFT_STANDARD_LIBRARIES = YES;
				CODE_SIGN_STYLE = Automatic;
				DEVELOPMENT_TEAM = 5K9BZ25Z7G;
				INFOPLIST_FILE = IATestUITests/Info.plist;
				LD_RUNPATH_SEARCH_PATHS = (
					"$(inherited)",
					"@executable_path/Frameworks",
					"@loader_path/Frameworks",
				);
				PRODUCT_BUNDLE_IDENTIFIER = com.shericksam.IATestUITests;
				PRODUCT_NAME = "$(TARGET_NAME)";
				SWIFT_VERSION = 5.0;
				TARGETED_DEVICE_FAMILY = "1,2";
				TEST_TARGET_NAME = IATest;
			};
			name = Debug;
		};
		C5BBA7F025DC31A9001850E1 /* Release */ = {
			isa = XCBuildConfiguration;
			buildSettings = {
				ALWAYS_EMBED_SWIFT_STANDARD_LIBRARIES = YES;
				CODE_SIGN_STYLE = Automatic;
				DEVELOPMENT_TEAM = 5K9BZ25Z7G;
				INFOPLIST_FILE = IATestUITests/Info.plist;
				LD_RUNPATH_SEARCH_PATHS = (
					"$(inherited)",
					"@executable_path/Frameworks",
					"@loader_path/Frameworks",
				);
				PRODUCT_BUNDLE_IDENTIFIER = com.shericksam.IATestUITests;
				PRODUCT_NAME = "$(TARGET_NAME)";
				SWIFT_VERSION = 5.0;
				TARGETED_DEVICE_FAMILY = "1,2";
				TEST_TARGET_NAME = IATest;
			};
			name = Release;
		};
/* End XCBuildConfiguration section */

/* Begin XCConfigurationList section */
		C5BBA7B925DC31A5001850E1 /* Build configuration list for PBXProject "IATest" */ = {
			isa = XCConfigurationList;
			buildConfigurations = (
				C5BBA7E625DC31A9001850E1 /* Debug */,
				C5BBA7E725DC31A9001850E1 /* Release */,
			);
			defaultConfigurationIsVisible = 0;
			defaultConfigurationName = Release;
		};
		C5BBA7E825DC31A9001850E1 /* Build configuration list for PBXNativeTarget "IATest" */ = {
			isa = XCConfigurationList;
			buildConfigurations = (
				C5BBA7E925DC31A9001850E1 /* Debug */,
				C5BBA7EA25DC31A9001850E1 /* Release */,
			);
			defaultConfigurationIsVisible = 0;
			defaultConfigurationName = Release;
		};
		C5BBA7EB25DC31A9001850E1 /* Build configuration list for PBXNativeTarget "IATestTests" */ = {
			isa = XCConfigurationList;
			buildConfigurations = (
				C5BBA7EC25DC31A9001850E1 /* Debug */,
				C5BBA7ED25DC31A9001850E1 /* Release */,
			);
			defaultConfigurationIsVisible = 0;
			defaultConfigurationName = Release;
		};
		C5BBA7EE25DC31A9001850E1 /* Build configuration list for PBXNativeTarget "IATestUITests" */ = {
			isa = XCConfigurationList;
			buildConfigurations = (
				C5BBA7EF25DC31A9001850E1 /* Debug */,
				C5BBA7F025DC31A9001850E1 /* Release */,
			);
			defaultConfigurationIsVisible = 0;
			defaultConfigurationName = Release;
		};
/* End XCConfigurationList section */

/* Begin XCVersionGroup section */
		C5BBA7CC25DC31A9001850E1 /* IATest.xcdatamodeld */ = {
			isa = XCVersionGroup;
			children = (
				C5BBA7CD25DC31A9001850E1 /* IATest.xcdatamodel */,
			);
			currentVersion = C5BBA7CD25DC31A9001850E1 /* IATest.xcdatamodel */;
			path = IATest.xcdatamodeld;
			sourceTree = "<group>";
			versionGroupType = wrapper.xcdatamodel;
		};
/* End XCVersionGroup section */
	};
	rootObject = C5BBA7B625DC31A5001850E1 /* Project object */;
}
