// !$*UTF8*$!
{
	archiveVersion = 1;
	classes = {
	};
	objectVersion = 52;
	objects = {

/* Begin PBXBuildFile section */
		C5BBA7C225DC31A5001850E1 /* IATestApp.swift in Sources */ = {isa = PBXBuildFile; fileRef = C5BBA7C125DC31A5001850E1 /* IATestApp.swift */; };
		C5BBA7C425DC31A5001850E1 /* RootView.swift in Sources */ = {isa = PBXBuildFile; fileRef = C5BBA7C325DC31A5001850E1 /* RootView.swift */; };
		C5BBA7C625DC31A9001850E1 /* Assets.xcassets in Resources */ = {isa = PBXBuildFile; fileRef = C5BBA7C525DC31A9001850E1 /* Assets.xcassets */; };
		C5BBA7C925DC31A9001850E1 /* Preview Assets.xcassets in Resources */ = {isa = PBXBuildFile; fileRef = C5BBA7C825DC31A9001850E1 /* Preview Assets.xcassets */; };
		C5BBA7CB25DC31A9001850E1 /* Persistence.swift in Sources */ = {isa = PBXBuildFile; fileRef = C5BBA7CA25DC31A9001850E1 /* Persistence.swift */; };
		C5BBA7CE25DC31A9001850E1 /* IATest.xcdatamodeld in Sources */ = {isa = PBXBuildFile; fileRef = C5BBA7CC25DC31A9001850E1 /* IATest.xcdatamodeld */; };
		C5BBA7D925DC31A9001850E1 /* IATestTests.swift in Sources */ = {isa = PBXBuildFile; fileRef = C5BBA7D825DC31A9001850E1 /* IATestTests.swift */; };
		C5BBA7E425DC31A9001850E1 /* IATestUITests.swift in Sources */ = {isa = PBXBuildFile; fileRef = C5BBA7E325DC31A9001850E1 /* IATestUITests.swift */; };
		C5BBA7F925DC31C1001850E1 /* OnLoadModifier.swift in Sources */ = {isa = PBXBuildFile; fileRef = C5BBA7F625DC31C1001850E1 /* OnLoadModifier.swift */; };
		C5BBA7FA25DC31C1001850E1 /* SpinnerModifier.swift in Sources */ = {isa = PBXBuildFile; fileRef = C5BBA7F825DC31C1001850E1 /* SpinnerModifier.swift */; };
		C5BBA80B25DC31DD001850E1 /* APIClient.swift in Sources */ = {isa = PBXBuildFile; fileRef = C5BBA80625DC31DD001850E1 /* APIClient.swift */; };
		C5BBA81825DC326D001850E1 /* AppGlobals.swift in Sources */ = {isa = PBXBuildFile; fileRef = C5BBA81725DC326D001850E1 /* AppGlobals.swift */; };
		C5BBA84125DC3399001850E1 /* Localizable.strings in Resources */ = {isa = PBXBuildFile; fileRef = C5BBA83025DC3399001850E1 /* Localizable.strings */; };
		C5BBA86225DC375A001850E1 /* AuthView.swift in Sources */ = {isa = PBXBuildFile; fileRef = C5BBA85F25DC375A001850E1 /* AuthView.swift */; };
		C5BBA86325DC375A001850E1 /* AuthViewModel.swift in Sources */ = {isa = PBXBuildFile; fileRef = C5BBA86025DC375A001850E1 /* AuthViewModel.swift */; };
		C5BBA86C25DC3A19001850E1 /* AuthRepository.swift in Sources */ = {isa = PBXBuildFile; fileRef = C5BBA86B25DC3A19001850E1 /* AuthRepository.swift */; };
		C5BBA87E25DC40A5001850E1 /* NSManagedObjectContext+Extensions.swift in Sources */ = {isa = PBXBuildFile; fileRef = C5BBA87125DC40A4001850E1 /* NSManagedObjectContext+Extensions.swift */; };
		C5BBA88325DC40A5001850E1 /* String+Extension.swift in Sources */ = {isa = PBXBuildFile; fileRef = C5BBA87625DC40A4001850E1 /* String+Extension.swift */; };
		C5BBA88525DC40A5001850E1 /* ViewExtension.swift in Sources */ = {isa = PBXBuildFile; fileRef = C5BBA87825DC40A4001850E1 /* ViewExtension.swift */; };
		C5BBA88625DC40A5001850E1 /* Color+Extension.swift in Sources */ = {isa = PBXBuildFile; fileRef = C5BBA87A25DC40A4001850E1 /* Color+Extension.swift */; };
		C5BBA8B425DC5151001850E1 /* ButtonPrimaryStyle.swift in Sources */ = {isa = PBXBuildFile; fileRef = C5BBA8AE25DC5151001850E1 /* ButtonPrimaryStyle.swift */; };
		C5BBA8C025DC6702001850E1 /* AuthRequest.swift in Sources */ = {isa = PBXBuildFile; fileRef = C5BBA8BF25DC6702001850E1 /* AuthRequest.swift */; };
		C5BBA8C925DC69D3001850E1 /* AuthResponse.swift in Sources */ = {isa = PBXBuildFile; fileRef = C5BBA8C825DC69D3001850E1 /* AuthResponse.swift */; };
		C5BBA8D225DC6DD9001850E1 /* ApiErrorModel.swift in Sources */ = {isa = PBXBuildFile; fileRef = C5BBA8D125DC6DD8001850E1 /* ApiErrorModel.swift */; };
		C5BBA8F525DC7B30001850E1 /* RetroSwift in Frameworks */ = {isa = PBXBuildFile; productRef = C5BBA8F425DC7B30001850E1 /* RetroSwift */; };
		C5BBA8FD25DCBB93001850E1 /* BannerModifier.swift in Sources */ = {isa = PBXBuildFile; fileRef = C5BBA8FC25DCBB92001850E1 /* BannerModifier.swift */; };
		C5BBA90325DCBBD6001850E1 /* AlertGeneralType.swift in Sources */ = {isa = PBXBuildFile; fileRef = C5BBA90225DCBBD6001850E1 /* AlertGeneralType.swift */; };
		C5BBA90C25DCBC06001850E1 /* NotificationService.swift in Sources */ = {isa = PBXBuildFile; fileRef = C5BBA90B25DCBC06001850E1 /* NotificationService.swift */; };
		C5BBA91125DCBC49001850E1 /* Popup.swift in Sources */ = {isa = PBXBuildFile; fileRef = C5BBA91025DCBC49001850E1 /* Popup.swift */; };
		C5BBA91E25DCC8D7001850E1 /* HomeView.swift in Sources */ = {isa = PBXBuildFile; fileRef = C5BBA91B25DCC8D7001850E1 /* HomeView.swift */; };
		C5BBA91F25DCC8D7001850E1 /* HomeViewModel.swift in Sources */ = {isa = PBXBuildFile; fileRef = C5BBA91C25DCC8D7001850E1 /* HomeViewModel.swift */; };
		C5BBA92925DCC9B7001850E1 /* IndexTabRoot.swift in Sources */ = {isa = PBXBuildFile; fileRef = C5BBA92825DCC9B7001850E1 /* IndexTabRoot.swift */; };
		C5BBA93325DCCC69001850E1 /* ProfileView.swift in Sources */ = {isa = PBXBuildFile; fileRef = C5BBA93225DCCC69001850E1 /* ProfileView.swift */; };
		C5BBA94425DD63EC001850E1 /* ProfileViewModel.swift in Sources */ = {isa = PBXBuildFile; fileRef = C5BBA94325DD63EC001850E1 /* ProfileViewModel.swift */; };
		C5BBA94B25DD666F001850E1 /* ProfileRequest.swift in Sources */ = {isa = PBXBuildFile; fileRef = C5BBA94A25DD666F001850E1 /* ProfileRequest.swift */; };
		C5BBA95325DD6750001850E1 /* ProfileResponse.swift in Sources */ = {isa = PBXBuildFile; fileRef = C5BBA95225DD6750001850E1 /* ProfileResponse.swift */; };
		C5BBA95B25DD67CC001850E1 /* ProfileRepository.swift in Sources */ = {isa = PBXBuildFile; fileRef = C5BBA95A25DD67CC001850E1 /* ProfileRepository.swift */; };
		C5BBA96025DD69E9001850E1 /* Profile.swift in Sources */ = {isa = PBXBuildFile; fileRef = C5BBA95F25DD69E8001850E1 /* Profile.swift */; };
		C5BBA97225DD6D95001850E1 /* WebImageLoader.swift in Sources */ = {isa = PBXBuildFile; fileRef = C5BBA97025DD6D95001850E1 /* WebImageLoader.swift */; };
		C5BBA97325DD6D95001850E1 /* WebImage.swift in Sources */ = {isa = PBXBuildFile; fileRef = C5BBA97125DD6D95001850E1 /* WebImage.swift */; };
		C5BBA98125DD71F3001850E1 /* CinemaRepository.swift in Sources */ = {isa = PBXBuildFile; fileRef = C5BBA98025DD71F3001850E1 /* CinemaRepository.swift */; };
		C5BBA98725DD73AE001850E1 /* AddCardsView.swift in Sources */ = {isa = PBXBuildFile; fileRef = C5BBA98625DD73AE001850E1 /* AddCardsView.swift */; };
/* End PBXBuildFile section */

/* Begin PBXContainerItemProxy section */
		C5BBA7D525DC31A9001850E1 /* PBXContainerItemProxy */ = {
			isa = PBXContainerItemProxy;
			containerPortal = C5BBA7B625DC31A5001850E1 /* Project object */;
			proxyType = 1;
			remoteGlobalIDString = C5BBA7BD25DC31A5001850E1;
			remoteInfo = IATest;
		};
		C5BBA7E025DC31A9001850E1 /* PBXContainerItemProxy */ = {
			isa = PBXContainerItemProxy;
			containerPortal = C5BBA7B625DC31A5001850E1 /* Project object */;
			proxyType = 1;
			remoteGlobalIDString = C5BBA7BD25DC31A5001850E1;
			remoteInfo = IATest;
		};
/* End PBXContainerItemProxy section */

/* Begin PBXFileReference section */
		C5BBA7BE25DC31A5001850E1 /* IATest.app */ = {isa = PBXFileReference; explicitFileType = wrapper.application; includeInIndex = 0; path = IATest.app; sourceTree = BUILT_PRODUCTS_DIR; };
		C5BBA7C125DC31A5001850E1 /* IATestApp.swift */ = {isa = PBXFileReference; lastKnownFileType = sourcecode.swift; path = IATestApp.swift; sourceTree = "<group>"; };
		C5BBA7C325DC31A5001850E1 /* RootView.swift */ = {isa = PBXFileReference; lastKnownFileType = sourcecode.swift; path = RootView.swift; sourceTree = "<group>"; };
		C5BBA7C525DC31A9001850E1 /* Assets.xcassets */ = {isa = PBXFileReference; lastKnownFileType = folder.assetcatalog; path = Assets.xcassets; sourceTree = "<group>"; };
		C5BBA7C825DC31A9001850E1 /* Preview Assets.xcassets */ = {isa = PBXFileReference; lastKnownFileType = folder.assetcatalog; path = "Preview Assets.xcassets"; sourceTree = "<group>"; };
		C5BBA7CA25DC31A9001850E1 /* Persistence.swift */ = {isa = PBXFileReference; lastKnownFileType = sourcecode.swift; path = Persistence.swift; sourceTree = "<group>"; };
		C5BBA7CD25DC31A9001850E1 /* IATest.xcdatamodel */ = {isa = PBXFileReference; lastKnownFileType = wrapper.xcdatamodel; path = IATest.xcdatamodel; sourceTree = "<group>"; };
		C5BBA7CF25DC31A9001850E1 /* Info.plist */ = {isa = PBXFileReference; lastKnownFileType = text.plist.xml; path = Info.plist; sourceTree = "<group>"; };
		C5BBA7D425DC31A9001850E1 /* IATestTests.xctest */ = {isa = PBXFileReference; explicitFileType = wrapper.cfbundle; includeInIndex = 0; path = IATestTests.xctest; sourceTree = BUILT_PRODUCTS_DIR; };
		C5BBA7D825DC31A9001850E1 /* IATestTests.swift */ = {isa = PBXFileReference; lastKnownFileType = sourcecode.swift; path = IATestTests.swift; sourceTree = "<group>"; };
		C5BBA7DA25DC31A9001850E1 /* Info.plist */ = {isa = PBXFileReference; lastKnownFileType = text.plist.xml; path = Info.plist; sourceTree = "<group>"; };
		C5BBA7DF25DC31A9001850E1 /* IATestUITests.xctest */ = {isa = PBXFileReference; explicitFileType = wrapper.cfbundle; includeInIndex = 0; path = IATestUITests.xctest; sourceTree = BUILT_PRODUCTS_DIR; };
		C5BBA7E325DC31A9001850E1 /* IATestUITests.swift */ = {isa = PBXFileReference; lastKnownFileType = sourcecode.swift; path = IATestUITests.swift; sourceTree = "<group>"; };
		C5BBA7E525DC31A9001850E1 /* Info.plist */ = {isa = PBXFileReference; lastKnownFileType = text.plist.xml; path = Info.plist; sourceTree = "<group>"; };
		C5BBA7F625DC31C1001850E1 /* OnLoadModifier.swift */ = {isa = PBXFileReference; fileEncoding = 4; lastKnownFileType = sourcecode.swift; path = OnLoadModifier.swift; sourceTree = "<group>"; };
		C5BBA7F825DC31C1001850E1 /* SpinnerModifier.swift */ = {isa = PBXFileReference; fileEncoding = 4; lastKnownFileType = sourcecode.swift; path = SpinnerModifier.swift; sourceTree = "<group>"; };
		C5BBA80625DC31DD001850E1 /* APIClient.swift */ = {isa = PBXFileReference; fileEncoding = 4; lastKnownFileType = sourcecode.swift; path = APIClient.swift; sourceTree = "<group>"; };
		C5BBA81725DC326D001850E1 /* AppGlobals.swift */ = {isa = PBXFileReference; fileEncoding = 4; lastKnownFileType = sourcecode.swift; path = AppGlobals.swift; sourceTree = "<group>"; };
		C5BBA83325DC3399001850E1 /* en */ = {isa = PBXFileReference; lastKnownFileType = text.plist.strings; name = en; path = en.lproj/Localizable.strings; sourceTree = "<group>"; };
		C5BBA83625DC3399001850E1 /* es */ = {isa = PBXFileReference; lastKnownFileType = text.plist.strings; name = es; path = es.lproj/Localizable.strings; sourceTree = "<group>"; };
		C5BBA85F25DC375A001850E1 /* AuthView.swift */ = {isa = PBXFileReference; lastKnownFileType = sourcecode.swift; path = AuthView.swift; sourceTree = "<group>"; };
		C5BBA86025DC375A001850E1 /* AuthViewModel.swift */ = {isa = PBXFileReference; lastKnownFileType = sourcecode.swift; path = AuthViewModel.swift; sourceTree = "<group>"; };
		C5BBA86B25DC3A19001850E1 /* AuthRepository.swift */ = {isa = PBXFileReference; lastKnownFileType = sourcecode.swift; path = AuthRepository.swift; sourceTree = "<group>"; };
		C5BBA87125DC40A4001850E1 /* NSManagedObjectContext+Extensions.swift */ = {isa = PBXFileReference; fileEncoding = 4; lastKnownFileType = sourcecode.swift; path = "NSManagedObjectContext+Extensions.swift"; sourceTree = "<group>"; };
		C5BBA87625DC40A4001850E1 /* String+Extension.swift */ = {isa = PBXFileReference; fileEncoding = 4; lastKnownFileType = sourcecode.swift; path = "String+Extension.swift"; sourceTree = "<group>"; };
		C5BBA87825DC40A4001850E1 /* ViewExtension.swift */ = {isa = PBXFileReference; fileEncoding = 4; lastKnownFileType = sourcecode.swift; path = ViewExtension.swift; sourceTree = "<group>"; };
		C5BBA87A25DC40A4001850E1 /* Color+Extension.swift */ = {isa = PBXFileReference; fileEncoding = 4; lastKnownFileType = sourcecode.swift; path = "Color+Extension.swift"; sourceTree = "<group>"; };
		C5BBA8AE25DC5151001850E1 /* ButtonPrimaryStyle.swift */ = {isa = PBXFileReference; fileEncoding = 4; lastKnownFileType = sourcecode.swift; path = ButtonPrimaryStyle.swift; sourceTree = "<group>"; };
		C5BBA8BF25DC6702001850E1 /* AuthRequest.swift */ = {isa = PBXFileReference; lastKnownFileType = sourcecode.swift; path = AuthRequest.swift; sourceTree = "<group>"; };
		C5BBA8C825DC69D3001850E1 /* AuthResponse.swift */ = {isa = PBXFileReference; lastKnownFileType = sourcecode.swift; path = AuthResponse.swift; sourceTree = "<group>"; };
		C5BBA8D125DC6DD8001850E1 /* ApiErrorModel.swift */ = {isa = PBXFileReference; lastKnownFileType = sourcecode.swift; path = ApiErrorModel.swift; sourceTree = "<group>"; };
		C5BBA8FC25DCBB92001850E1 /* BannerModifier.swift */ = {isa = PBXFileReference; fileEncoding = 4; lastKnownFileType = sourcecode.swift; path = BannerModifier.swift; sourceTree = "<group>"; };
		C5BBA90225DCBBD6001850E1 /* AlertGeneralType.swift */ = {isa = PBXFileReference; lastKnownFileType = sourcecode.swift; path = AlertGeneralType.swift; sourceTree = "<group>"; };
		C5BBA90B25DCBC06001850E1 /* NotificationService.swift */ = {isa = PBXFileReference; fileEncoding = 4; lastKnownFileType = sourcecode.swift; path = NotificationService.swift; sourceTree = "<group>"; };
		C5BBA91025DCBC49001850E1 /* Popup.swift */ = {isa = PBXFileReference; fileEncoding = 4; lastKnownFileType = sourcecode.swift; path = Popup.swift; sourceTree = "<group>"; };
		C5BBA91B25DCC8D7001850E1 /* HomeView.swift */ = {isa = PBXFileReference; lastKnownFileType = sourcecode.swift; path = HomeView.swift; sourceTree = "<group>"; };
		C5BBA91C25DCC8D7001850E1 /* HomeViewModel.swift */ = {isa = PBXFileReference; lastKnownFileType = sourcecode.swift; path = HomeViewModel.swift; sourceTree = "<group>"; };
		C5BBA92825DCC9B7001850E1 /* IndexTabRoot.swift */ = {isa = PBXFileReference; lastKnownFileType = sourcecode.swift; path = IndexTabRoot.swift; sourceTree = "<group>"; };
		C5BBA93225DCCC69001850E1 /* ProfileView.swift */ = {isa = PBXFileReference; lastKnownFileType = sourcecode.swift; path = ProfileView.swift; sourceTree = "<group>"; };
		C5BBA94325DD63EC001850E1 /* ProfileViewModel.swift */ = {isa = PBXFileReference; lastKnownFileType = sourcecode.swift; path = ProfileViewModel.swift; sourceTree = "<group>"; };
		C5BBA94A25DD666F001850E1 /* ProfileRequest.swift */ = {isa = PBXFileReference; lastKnownFileType = sourcecode.swift; path = ProfileRequest.swift; sourceTree = "<group>"; };
		C5BBA95225DD6750001850E1 /* ProfileResponse.swift */ = {isa = PBXFileReference; lastKnownFileType = sourcecode.swift; path = ProfileResponse.swift; sourceTree = "<group>"; };
		C5BBA95A25DD67CC001850E1 /* ProfileRepository.swift */ = {isa = PBXFileReference; lastKnownFileType = sourcecode.swift; path = ProfileRepository.swift; sourceTree = "<group>"; };
		C5BBA95F25DD69E8001850E1 /* Profile.swift */ = {isa = PBXFileReference; lastKnownFileType = sourcecode.swift; path = Profile.swift; sourceTree = "<group>"; };
		C5BBA97025DD6D95001850E1 /* WebImageLoader.swift */ = {isa = PBXFileReference; fileEncoding = 4; lastKnownFileType = sourcecode.swift; path = WebImageLoader.swift; sourceTree = "<group>"; };
		C5BBA97125DD6D95001850E1 /* WebImage.swift */ = {isa = PBXFileReference; fileEncoding = 4; lastKnownFileType = sourcecode.swift; path = WebImage.swift; sourceTree = "<group>"; };
		C5BBA98025DD71F3001850E1 /* CinemaRepository.swift */ = {isa = PBXFileReference; lastKnownFileType = sourcecode.swift; path = CinemaRepository.swift; sourceTree = "<group>"; };
		C5BBA98625DD73AE001850E1 /* AddCardsView.swift */ = {isa = PBXFileReference; lastKnownFileType = sourcecode.swift; path = AddCardsView.swift; sourceTree = "<group>"; };
/* End PBXFileReference section */

/* Begin PBXFrameworksBuildPhase section */
		C5BBA7BB25DC31A5001850E1 /* Frameworks */ = {
			isa = PBXFrameworksBuildPhase;
			buildActionMask = 2147483647;
			files = (
				C5BBA8F525DC7B30001850E1 /* RetroSwift in Frameworks */,
			);
			runOnlyForDeploymentPostprocessing = 0;
		};
		C5BBA7D125DC31A9001850E1 /* Frameworks */ = {
			isa = PBXFrameworksBuildPhase;
			buildActionMask = 2147483647;
			files = (
			);
			runOnlyForDeploymentPostprocessing = 0;
		};
		C5BBA7DC25DC31A9001850E1 /* Frameworks */ = {
			isa = PBXFrameworksBuildPhase;
			buildActionMask = 2147483647;
			files = (
			);
			runOnlyForDeploymentPostprocessing = 0;
		};
/* End PBXFrameworksBuildPhase section */

/* Begin PBXGroup section */
		C5BBA7B525DC31A5001850E1 = {
			isa = PBXGroup;
			children = (
				C5BBA7C025DC31A5001850E1 /* IATest */,
				C5BBA7D725DC31A9001850E1 /* IATestTests */,
				C5BBA7E225DC31A9001850E1 /* IATestUITests */,
				C5BBA7BF25DC31A5001850E1 /* Products */,
			);
			sourceTree = "<group>";
		};
		C5BBA7BF25DC31A5001850E1 /* Products */ = {
			isa = PBXGroup;
			children = (
				C5BBA7BE25DC31A5001850E1 /* IATest.app */,
				C5BBA7D425DC31A9001850E1 /* IATestTests.xctest */,
				C5BBA7DF25DC31A9001850E1 /* IATestUITests.xctest */,
			);
			name = Products;
			sourceTree = "<group>";
		};
		C5BBA7C025DC31A5001850E1 /* IATest */ = {
			isa = PBXGroup;
			children = (
				C5BBA7FE25DC31DD001850E1 /* data */,
				C5BBA82A25DC3399001850E1 /* resources */,
				C5BBA81C25DC3279001850E1 /* ui */,
				C5BBA81625DC326D001850E1 /* utils */,
				C5BBA7C125DC31A5001850E1 /* IATestApp.swift */,
				C5BBA7CF25DC31A9001850E1 /* Info.plist */,
				C5BBA7C525DC31A9001850E1 /* Assets.xcassets */,
				C5BBA7CC25DC31A9001850E1 /* IATest.xcdatamodeld */,
				C5BBA7C725DC31A9001850E1 /* Preview Content */,
			);
			path = IATest;
			sourceTree = "<group>";
		};
		C5BBA7C725DC31A9001850E1 /* Preview Content */ = {
			isa = PBXGroup;
			children = (
				C5BBA7C825DC31A9001850E1 /* Preview Assets.xcassets */,
			);
			path = "Preview Content";
			sourceTree = "<group>";
		};
		C5BBA7D725DC31A9001850E1 /* IATestTests */ = {
			isa = PBXGroup;
			children = (
				C5BBA7D825DC31A9001850E1 /* IATestTests.swift */,
				C5BBA7DA25DC31A9001850E1 /* Info.plist */,
			);
			path = IATestTests;
			sourceTree = "<group>";
		};
		C5BBA7E225DC31A9001850E1 /* IATestUITests */ = {
			isa = PBXGroup;
			children = (
				C5BBA7E325DC31A9001850E1 /* IATestUITests.swift */,
				C5BBA7E525DC31A9001850E1 /* Info.plist */,
			);
			path = IATestUITests;
			sourceTree = "<group>";
		};
		C5BBA7F425DC31C1001850E1 /* components */ = {
			isa = PBXGroup;
			children = (
				C5BBA96F25DD6D95001850E1 /* web-image */,
				C5BBA7F525DC31C1001850E1 /* modifiers */,
				C5BBA8A825DC5151001850E1 /* button */,
				C5BBA7F725DC31C1001850E1 /* views */,
			);
			path = components;
			sourceTree = "<group>";
		};
		C5BBA7F525DC31C1001850E1 /* modifiers */ = {
			isa = PBXGroup;
			children = (
				C5BBA90125DCBBC1001850E1 /* banner */,
				C5BBA7F625DC31C1001850E1 /* OnLoadModifier.swift */,
			);
			path = modifiers;
			sourceTree = "<group>";
		};
		C5BBA7F725DC31C1001850E1 /* views */ = {
			isa = PBXGroup;
			children = (
				C5BBA7F825DC31C1001850E1 /* SpinnerModifier.swift */,
			);
			path = views;
			sourceTree = "<group>";
		};
		C5BBA7FE25DC31DD001850E1 /* data */ = {
			isa = PBXGroup;
			children = (
				C5BBA7FF25DC31DD001850E1 /* source */,
				C5BBA80425DC31DD001850E1 /* network */,
				C5BBA80725DC31DD001850E1 /* repositories */,
				C5BBA80925DC31DD001850E1 /* models */,
			);
			path = data;
			sourceTree = "<group>";
		};
		C5BBA7FF25DC31DD001850E1 /* source */ = {
			isa = PBXGroup;
			children = (
				C5BBA80025DC31DD001850E1 /* remote */,
			);
			path = source;
			sourceTree = "<group>";
		};
		C5BBA80025DC31DD001850E1 /* remote */ = {
			isa = PBXGroup;
			children = (
				C5BBA80125DC31DD001850E1 /* responses */,
				C5BBA80325DC31DD001850E1 /* request */,
			);
			path = remote;
			sourceTree = "<group>";
		};
		C5BBA80125DC31DD001850E1 /* responses */ = {
			isa = PBXGroup;
			children = (
				C5BBA94825DD6651001850E1 /* profile */,
				C5BBA8C725DC69C0001850E1 /* auth */,
			);
			path = responses;
			sourceTree = "<group>";
		};
		C5BBA80325DC31DD001850E1 /* request */ = {
			isa = PBXGroup;
			children = (
				C5BBA94925DD665A001850E1 /* profile */,
				C5BBA8BE25DC66E6001850E1 /* auth */,
			);
			path = request;
			sourceTree = "<group>";
		};
		C5BBA80425DC31DD001850E1 /* network */ = {
			isa = PBXGroup;
			children = (
				C5BBA80525DC31DD001850E1 /* apiclient */,
			);
			path = network;
			sourceTree = "<group>";
		};
		C5BBA80525DC31DD001850E1 /* apiclient */ = {
			isa = PBXGroup;
			children = (
				C5BBA80625DC31DD001850E1 /* APIClient.swift */,
			);
			path = apiclient;
			sourceTree = "<group>";
		};
		C5BBA80725DC31DD001850E1 /* repositories */ = {
			isa = PBXGroup;
			children = (
				C5BBA86B25DC3A19001850E1 /* AuthRepository.swift */,
				C5BBA95A25DD67CC001850E1 /* ProfileRepository.swift */,
				C5BBA98025DD71F3001850E1 /* CinemaRepository.swift */,
			);
			path = repositories;
			sourceTree = "<group>";
		};
		C5BBA80925DC31DD001850E1 /* models */ = {
			isa = PBXGroup;
			children = (
				C5BBA96425DD69FB001850E1 /* classes */,
				C5BBA96525DD6A04001850E1 /* entities */,
			);
			path = models;
			sourceTree = "<group>";
		};
		C5BBA81625DC326D001850E1 /* utils */ = {
			isa = PBXGroup;
			children = (
				C5BBA7F425DC31C1001850E1 /* components */,
				C5BBA92725DCC9A6001850E1 /* emuns */,
				C5BBA90A25DCBC06001850E1 /* notifications */,
				C5BBA8D025DC6DC7001850E1 /* error */,
				C5BBA87025DC40A4001850E1 /* extensions */,
				C5BBA7CA25DC31A9001850E1 /* Persistence.swift */,
				C5BBA81725DC326D001850E1 /* AppGlobals.swift */,
			);
			path = utils;
			sourceTree = "<group>";
		};
		C5BBA81C25DC3279001850E1 /* ui */ = {
			isa = PBXGroup;
			children = (
				C5BBA7C325DC31A5001850E1 /* RootView.swift */,
				C5BBA85E25DC36AE001850E1 /* auth */,
				C5BBA81D25DC3279001850E1 /* home */,
			);
			path = ui;
			sourceTree = "<group>";
		};
		C5BBA81D25DC3279001850E1 /* home */ = {
			isa = PBXGroup;
			children = (
				C5BBA93125DCCC57001850E1 /* billboard */,
				C5BBA93025DCCC4B001850E1 /* profile */,
				C5BBA91B25DCC8D7001850E1 /* HomeView.swift */,
				C5BBA91C25DCC8D7001850E1 /* HomeViewModel.swift */,
			);
			path = home;
			sourceTree = "<group>";
		};
		C5BBA82A25DC3399001850E1 /* resources */ = {
			isa = PBXGroup;
			children = (
				C5BBA83025DC3399001850E1 /* Localizable.strings */,
			);
			path = resources;
			sourceTree = "<group>";
		};
		C5BBA85E25DC36AE001850E1 /* auth */ = {
			isa = PBXGroup;
			children = (
				C5BBA85F25DC375A001850E1 /* AuthView.swift */,
				C5BBA86025DC375A001850E1 /* AuthViewModel.swift */,
			);
			path = auth;
			sourceTree = "<group>";
		};
		C5BBA87025DC40A4001850E1 /* extensions */ = {
			isa = PBXGroup;
			children = (
				C5BBA87125DC40A4001850E1 /* NSManagedObjectContext+Extensions.swift */,
				C5BBA87625DC40A4001850E1 /* String+Extension.swift */,
				C5BBA87825DC40A4001850E1 /* ViewExtension.swift */,
				C5BBA87925DC40A4001850E1 /* colors */,
			);
			path = extensions;
			sourceTree = "<group>";
		};
		C5BBA87925DC40A4001850E1 /* colors */ = {
			isa = PBXGroup;
			children = (
				C5BBA87A25DC40A4001850E1 /* Color+Extension.swift */,
			);
			path = colors;
			sourceTree = "<group>";
		};
		C5BBA8A825DC5151001850E1 /* button */ = {
			isa = PBXGroup;
			children = (
				C5BBA8AE25DC5151001850E1 /* ButtonPrimaryStyle.swift */,
			);
			path = button;
			sourceTree = "<group>";
		};
		C5BBA8BE25DC66E6001850E1 /* auth */ = {
			isa = PBXGroup;
			children = (
				C5BBA8BF25DC6702001850E1 /* AuthRequest.swift */,
			);
			path = auth;
			sourceTree = "<group>";
		};
		C5BBA8C725DC69C0001850E1 /* auth */ = {
			isa = PBXGroup;
			children = (
				C5BBA8C825DC69D3001850E1 /* AuthResponse.swift */,
			);
			path = auth;
			sourceTree = "<group>";
		};
		C5BBA8D025DC6DC7001850E1 /* error */ = {
			isa = PBXGroup;
			children = (
				C5BBA8D125DC6DD8001850E1 /* ApiErrorModel.swift */,
			);
			path = error;
			sourceTree = "<group>";
		};
		C5BBA90125DCBBC1001850E1 /* banner */ = {
			isa = PBXGroup;
			children = (
				C5BBA8FC25DCBB92001850E1 /* BannerModifier.swift */,
				C5BBA91025DCBC49001850E1 /* Popup.swift */,
				C5BBA90225DCBBD6001850E1 /* AlertGeneralType.swift */,
			);
			path = banner;
			sourceTree = "<group>";
		};
		C5BBA90A25DCBC06001850E1 /* notifications */ = {
			isa = PBXGroup;
			children = (
				C5BBA90B25DCBC06001850E1 /* NotificationService.swift */,
			);
			path = notifications;
			sourceTree = "<group>";
		};
		C5BBA92725DCC9A6001850E1 /* emuns */ = {
			isa = PBXGroup;
			children = (
				C5BBA92825DCC9B7001850E1 /* IndexTabRoot.swift */,
			);
			path = emuns;
			sourceTree = "<group>";
		};
		C5BBA93025DCCC4B001850E1 /* profile */ = {
			isa = PBXGroup;
			children = (
				C5BBA98525DD7392001850E1 /* cards */,
				C5BBA93225DCCC69001850E1 /* ProfileView.swift */,
				C5BBA94325DD63EC001850E1 /* ProfileViewModel.swift */,
			);
			path = profile;
			sourceTree = "<group>";
		};
		C5BBA93125DCCC57001850E1 /* billboard */ = {
			isa = PBXGroup;
			children = (
			);
			path = billboard;
			sourceTree = "<group>";
		};
		C5BBA94825DD6651001850E1 /* profile */ = {
			isa = PBXGroup;
			children = (
				C5BBA95225DD6750001850E1 /* ProfileResponse.swift */,
			);
			path = profile;
			sourceTree = "<group>";
		};
		C5BBA94925DD665A001850E1 /* profile */ = {
			isa = PBXGroup;
			children = (
				C5BBA94A25DD666F001850E1 /* ProfileRequest.swift */,
			);
			path = profile;
			sourceTree = "<group>";
		};
		C5BBA96425DD69FB001850E1 /* classes */ = {
			isa = PBXGroup;
			children = (
				C5BBA95F25DD69E8001850E1 /* Profile.swift */,
			);
			path = classes;
			sourceTree = "<group>";
		};
		C5BBA96525DD6A04001850E1 /* entities */ = {
			isa = PBXGroup;
			children = (
			);
			path = entities;
			sourceTree = "<group>";
		};
		C5BBA96F25DD6D95001850E1 /* web-image */ = {
			isa = PBXGroup;
			children = (
				C5BBA97025DD6D95001850E1 /* WebImageLoader.swift */,
				C5BBA97125DD6D95001850E1 /* WebImage.swift */,
			);
			path = "web-image";
			sourceTree = "<group>";
		};
		C5BBA98525DD7392001850E1 /* cards */ = {
			isa = PBXGroup;
			children = (
				C5BBA98625DD73AE001850E1 /* AddCardsView.swift */,
			);
			path = cards;
			sourceTree = "<group>";
		};
/* End PBXGroup section */

/* Begin PBXNativeTarget section */
		C5BBA7BD25DC31A5001850E1 /* IATest */ = {
			isa = PBXNativeTarget;
			buildConfigurationList = C5BBA7E825DC31A9001850E1 /* Build configuration list for PBXNativeTarget "IATest" */;
			buildPhases = (
				C5BBA7BA25DC31A5001850E1 /* Sources */,
				C5BBA7BB25DC31A5001850E1 /* Frameworks */,
				C5BBA7BC25DC31A5001850E1 /* Resources */,
			);
			buildRules = (
			);
			dependencies = (
			);
			name = IATest;
			packageProductDependencies = (
				C5BBA8F425DC7B30001850E1 /* RetroSwift */,
			);
			productName = IATest;
			productReference = C5BBA7BE25DC31A5001850E1 /* IATest.app */;
			productType = "com.apple.product-type.application";
		};
		C5BBA7D325DC31A9001850E1 /* IATestTests */ = {
			isa = PBXNativeTarget;
			buildConfigurationList = C5BBA7EB25DC31A9001850E1 /* Build configuration list for PBXNativeTarget "IATestTests" */;
			buildPhases = (
				C5BBA7D025DC31A9001850E1 /* Sources */,
				C5BBA7D125DC31A9001850E1 /* Frameworks */,
				C5BBA7D225DC31A9001850E1 /* Resources */,
			);
			buildRules = (
			);
			dependencies = (
				C5BBA7D625DC31A9001850E1 /* PBXTargetDependency */,
			);
			name = IATestTests;
			productName = IATestTests;
			productReference = C5BBA7D425DC31A9001850E1 /* IATestTests.xctest */;
			productType = "com.apple.product-type.bundle.unit-test";
		};
		C5BBA7DE25DC31A9001850E1 /* IATestUITests */ = {
			isa = PBXNativeTarget;
			buildConfigurationList = C5BBA7EE25DC31A9001850E1 /* Build configuration list for PBXNativeTarget "IATestUITests" */;
			buildPhases = (
				C5BBA7DB25DC31A9001850E1 /* Sources */,
				C5BBA7DC25DC31A9001850E1 /* Frameworks */,
				C5BBA7DD25DC31A9001850E1 /* Resources */,
			);
			buildRules = (
			);
			dependencies = (
				C5BBA7E125DC31A9001850E1 /* PBXTargetDependency */,
			);
			name = IATestUITests;
			productName = IATestUITests;
			productReference = C5BBA7DF25DC31A9001850E1 /* IATestUITests.xctest */;
			productType = "com.apple.product-type.bundle.ui-testing";
		};
/* End PBXNativeTarget section */

/* Begin PBXProject section */
		C5BBA7B625DC31A5001850E1 /* Project object */ = {
			isa = PBXProject;
			attributes = {
				LastSwiftUpdateCheck = 1240;
				LastUpgradeCheck = 1240;
				TargetAttributes = {
					C5BBA7BD25DC31A5001850E1 = {
						CreatedOnToolsVersion = 12.4;
					};
					C5BBA7D325DC31A9001850E1 = {
						CreatedOnToolsVersion = 12.4;
						TestTargetID = C5BBA7BD25DC31A5001850E1;
					};
					C5BBA7DE25DC31A9001850E1 = {
						CreatedOnToolsVersion = 12.4;
						TestTargetID = C5BBA7BD25DC31A5001850E1;
					};
				};
			};
			buildConfigurationList = C5BBA7B925DC31A5001850E1 /* Build configuration list for PBXProject "IATest" */;
			compatibilityVersion = "Xcode 9.3";
			developmentRegion = en;
			hasScannedForEncodings = 0;
			knownRegions = (
				en,
				Base,
				ar,
				ja,
				es,
				fr,
			);
			mainGroup = C5BBA7B525DC31A5001850E1;
			packageReferences = (
				C5BBA8F325DC7B2F001850E1 /* XCRemoteSwiftPackageReference "RetroSwift" */,
			);
			productRefGroup = C5BBA7BF25DC31A5001850E1 /* Products */;
			projectDirPath = "";
			projectRoot = "";
			targets = (
				C5BBA7BD25DC31A5001850E1 /* IATest */,
				C5BBA7D325DC31A9001850E1 /* IATestTests */,
				C5BBA7DE25DC31A9001850E1 /* IATestUITests */,
			);
		};
/* End PBXProject section */

/* Begin PBXResourcesBuildPhase section */
		C5BBA7BC25DC31A5001850E1 /* Resources */ = {
			isa = PBXResourcesBuildPhase;
			buildActionMask = 2147483647;
			files = (
				C5BBA7C925DC31A9001850E1 /* Preview Assets.xcassets in Resources */,
				C5BBA84125DC3399001850E1 /* Localizable.strings in Resources */,
				C5BBA7C625DC31A9001850E1 /* Assets.xcassets in Resources */,
			);
			runOnlyForDeploymentPostprocessing = 0;
		};
		C5BBA7D225DC31A9001850E1 /* Resources */ = {
			isa = PBXResourcesBuildPhase;
			buildActionMask = 2147483647;
			files = (
			);
			runOnlyForDeploymentPostprocessing = 0;
		};
		C5BBA7DD25DC31A9001850E1 /* Resources */ = {
			isa = PBXResourcesBuildPhase;
			buildActionMask = 2147483647;
			files = (
			);
			runOnlyForDeploymentPostprocessing = 0;
		};
/* End PBXResourcesBuildPhase section */

/* Begin PBXSourcesBuildPhase section */
		C5BBA7BA25DC31A5001850E1 /* Sources */ = {
			isa = PBXSourcesBuildPhase;
			buildActionMask = 2147483647;
			files = (
				C5BBA8B425DC5151001850E1 /* ButtonPrimaryStyle.swift in Sources */,
				C5BBA7CB25DC31A9001850E1 /* Persistence.swift in Sources */,
				C5BBA94425DD63EC001850E1 /* ProfileViewModel.swift in Sources */,
				C5BBA88625DC40A5001850E1 /* Color+Extension.swift in Sources */,
				C5BBA91E25DCC8D7001850E1 /* HomeView.swift in Sources */,
				C5BBA98125DD71F3001850E1 /* CinemaRepository.swift in Sources */,
				C5BBA8C025DC6702001850E1 /* AuthRequest.swift in Sources */,
				C5BBA95325DD6750001850E1 /* ProfileResponse.swift in Sources */,
				C5BBA81825DC326D001850E1 /* AppGlobals.swift in Sources */,
				C5BBA90325DCBBD6001850E1 /* AlertGeneralType.swift in Sources */,
				C5BBA92925DCC9B7001850E1 /* IndexTabRoot.swift in Sources */,
				C5BBA7CE25DC31A9001850E1 /* IATest.xcdatamodeld in Sources */,
				C5BBA80B25DC31DD001850E1 /* APIClient.swift in Sources */,
				C5BBA8D225DC6DD9001850E1 /* ApiErrorModel.swift in Sources */,
				C5BBA87E25DC40A5001850E1 /* NSManagedObjectContext+Extensions.swift in Sources */,
				C5BBA93325DCCC69001850E1 /* ProfileView.swift in Sources */,
				C5BBA97225DD6D95001850E1 /* WebImageLoader.swift in Sources */,
				C5BBA7FA25DC31C1001850E1 /* SpinnerModifier.swift in Sources */,
				C5BBA7C425DC31A5001850E1 /* RootView.swift in Sources */,
				C5BBA8C925DC69D3001850E1 /* AuthResponse.swift in Sources */,
				C5BBA86225DC375A001850E1 /* AuthView.swift in Sources */,
				C5BBA88325DC40A5001850E1 /* String+Extension.swift in Sources */,
				C5BBA95B25DD67CC001850E1 /* ProfileRepository.swift in Sources */,
				C5BBA88525DC40A5001850E1 /* ViewExtension.swift in Sources */,
				C5BBA86325DC375A001850E1 /* AuthViewModel.swift in Sources */,
				C5BBA7F925DC31C1001850E1 /* OnLoadModifier.swift in Sources */,
				C5BBA98725DD73AE001850E1 /* AddCardsView.swift in Sources */,
				C5BBA91125DCBC49001850E1 /* Popup.swift in Sources */,
				C5BBA96025DD69E9001850E1 /* Profile.swift in Sources */,
				C5BBA94B25DD666F001850E1 /* ProfileRequest.swift in Sources */,
				C5BBA86C25DC3A19001850E1 /* AuthRepository.swift in Sources */,
				C5BBA91F25DCC8D7001850E1 /* HomeViewModel.swift in Sources */,
				C5BBA97325DD6D95001850E1 /* WebImage.swift in Sources */,
				C5BBA90C25DCBC06001850E1 /* NotificationService.swift in Sources */,
				C5BBA8FD25DCBB93001850E1 /* BannerModifier.swift in Sources */,
				C5BBA7C225DC31A5001850E1 /* IATestApp.swift in Sources */,
			);
			runOnlyForDeploymentPostprocessing = 0;
		};
		C5BBA7D025DC31A9001850E1 /* Sources */ = {
			isa = PBXSourcesBuildPhase;
			buildActionMask = 2147483647;
			files = (
				C5BBA7D925DC31A9001850E1 /* IATestTests.swift in Sources */,
			);
			runOnlyForDeploymentPostprocessing = 0;
		};
		C5BBA7DB25DC31A9001850E1 /* Sources */ = {
			isa = PBXSourcesBuildPhase;
			buildActionMask = 2147483647;
			files = (
				C5BBA7E425DC31A9001850E1 /* IATestUITests.swift in Sources */,
			);
			runOnlyForDeploymentPostprocessing = 0;
		};
/* End PBXSourcesBuildPhase section */

/* Begin PBXTargetDependency section */
		C5BBA7D625DC31A9001850E1 /* PBXTargetDependency */ = {
			isa = PBXTargetDependency;
			target = C5BBA7BD25DC31A5001850E1 /* IATest */;
			targetProxy = C5BBA7D525DC31A9001850E1 /* PBXContainerItemProxy */;
		};
		C5BBA7E125DC31A9001850E1 /* PBXTargetDependency */ = {
			isa = PBXTargetDependency;
			target = C5BBA7BD25DC31A5001850E1 /* IATest */;
			targetProxy = C5BBA7E025DC31A9001850E1 /* PBXContainerItemProxy */;
		};
/* End PBXTargetDependency section */

/* Begin PBXVariantGroup section */
		C5BBA83025DC3399001850E1 /* Localizable.strings */ = {
			isa = PBXVariantGroup;
			children = (
				C5BBA83325DC3399001850E1 /* en */,
				C5BBA83625DC3399001850E1 /* es */,
			);
			name = Localizable.strings;
			sourceTree = "<group>";
		};
/* End PBXVariantGroup section */

/* Begin XCBuildConfiguration section */
		C5BBA7E625DC31A9001850E1 /* Debug */ = {
			isa = XCBuildConfiguration;
			buildSettings = {
				ALWAYS_SEARCH_USER_PATHS = NO;
				CLANG_ANALYZER_NONNULL = YES;
				CLANG_ANALYZER_NUMBER_OBJECT_CONVERSION = YES_AGGRESSIVE;
				CLANG_CXX_LANGUAGE_STANDARD = "gnu++14";
				CLANG_CXX_LIBRARY = "libc++";
				CLANG_ENABLE_MODULES = YES;
				CLANG_ENABLE_OBJC_ARC = YES;
				CLANG_ENABLE_OBJC_WEAK = YES;
				CLANG_WARN_BLOCK_CAPTURE_AUTORELEASING = YES;
				CLANG_WARN_BOOL_CONVERSION = YES;
				CLANG_WARN_COMMA = YES;
				CLANG_WARN_CONSTANT_CONVERSION = YES;
				CLANG_WARN_DEPRECATED_OBJC_IMPLEMENTATIONS = YES;
				CLANG_WARN_DIRECT_OBJC_ISA_USAGE = YES_ERROR;
				CLANG_WARN_DOCUMENTATION_COMMENTS = YES;
				CLANG_WARN_EMPTY_BODY = YES;
				CLANG_WARN_ENUM_CONVERSION = YES;
				CLANG_WARN_INFINITE_RECURSION = YES;
				CLANG_WARN_INT_CONVERSION = YES;
				CLANG_WARN_NON_LITERAL_NULL_CONVERSION = YES;
				CLANG_WARN_OBJC_IMPLICIT_RETAIN_SELF = YES;
				CLANG_WARN_OBJC_LITERAL_CONVERSION = YES;
				CLANG_WARN_OBJC_ROOT_CLASS = YES_ERROR;
				CLANG_WARN_QUOTED_INCLUDE_IN_FRAMEWORK_HEADER = YES;
				CLANG_WARN_RANGE_LOOP_ANALYSIS = YES;
				CLANG_WARN_STRICT_PROTOTYPES = YES;
				CLANG_WARN_SUSPICIOUS_MOVE = YES;
				CLANG_WARN_UNGUARDED_AVAILABILITY = YES_AGGRESSIVE;
				CLANG_WARN_UNREACHABLE_CODE = YES;
				CLANG_WARN__DUPLICATE_METHOD_MATCH = YES;
				COPY_PHASE_STRIP = NO;
				DEBUG_INFORMATION_FORMAT = dwarf;
				ENABLE_STRICT_OBJC_MSGSEND = YES;
				ENABLE_TESTABILITY = YES;
				GCC_C_LANGUAGE_STANDARD = gnu11;
				GCC_DYNAMIC_NO_PIC = NO;
				GCC_NO_COMMON_BLOCKS = YES;
				GCC_OPTIMIZATION_LEVEL = 0;
				GCC_PREPROCESSOR_DEFINITIONS = (
					"DEBUG=1",
					"$(inherited)",
				);
				GCC_WARN_64_TO_32_BIT_CONVERSION = YES;
				GCC_WARN_ABOUT_RETURN_TYPE = YES_ERROR;
				GCC_WARN_UNDECLARED_SELECTOR = YES;
				GCC_WARN_UNINITIALIZED_AUTOS = YES_AGGRESSIVE;
				GCC_WARN_UNUSED_FUNCTION = YES;
				GCC_WARN_UNUSED_VARIABLE = YES;
				IPHONEOS_DEPLOYMENT_TARGET = 14.4;
				MTL_ENABLE_DEBUG_INFO = INCLUDE_SOURCE;
				MTL_FAST_MATH = YES;
				ONLY_ACTIVE_ARCH = YES;
				SDKROOT = iphoneos;
				SWIFT_ACTIVE_COMPILATION_CONDITIONS = DEBUG;
				SWIFT_OPTIMIZATION_LEVEL = "-Onone";
			};
			name = Debug;
		};
		C5BBA7E725DC31A9001850E1 /* Release */ = {
			isa = XCBuildConfiguration;
			buildSettings = {
				ALWAYS_SEARCH_USER_PATHS = NO;
				CLANG_ANALYZER_NONNULL = YES;
				CLANG_ANALYZER_NUMBER_OBJECT_CONVERSION = YES_AGGRESSIVE;
				CLANG_CXX_LANGUAGE_STANDARD = "gnu++14";
				CLANG_CXX_LIBRARY = "libc++";
				CLANG_ENABLE_MODULES = YES;
				CLANG_ENABLE_OBJC_ARC = YES;
				CLANG_ENABLE_OBJC_WEAK = YES;
				CLANG_WARN_BLOCK_CAPTURE_AUTORELEASING = YES;
				CLANG_WARN_BOOL_CONVERSION = YES;
				CLANG_WARN_COMMA = YES;
				CLANG_WARN_CONSTANT_CONVERSION = YES;
				CLANG_WARN_DEPRECATED_OBJC_IMPLEMENTATIONS = YES;
				CLANG_WARN_DIRECT_OBJC_ISA_USAGE = YES_ERROR;
				CLANG_WARN_DOCUMENTATION_COMMENTS = YES;
				CLANG_WARN_EMPTY_BODY = YES;
				CLANG_WARN_ENUM_CONVERSION = YES;
				CLANG_WARN_INFINITE_RECURSION = YES;
				CLANG_WARN_INT_CONVERSION = YES;
				CLANG_WARN_NON_LITERAL_NULL_CONVERSION = YES;
				CLANG_WARN_OBJC_IMPLICIT_RETAIN_SELF = YES;
				CLANG_WARN_OBJC_LITERAL_CONVERSION = YES;
				CLANG_WARN_OBJC_ROOT_CLASS = YES_ERROR;
				CLANG_WARN_QUOTED_INCLUDE_IN_FRAMEWORK_HEADER = YES;
				CLANG_WARN_RANGE_LOOP_ANALYSIS = YES;
				CLANG_WARN_STRICT_PROTOTYPES = YES;
				CLANG_WARN_SUSPICIOUS_MOVE = YES;
				CLANG_WARN_UNGUARDED_AVAILABILITY = YES_AGGRESSIVE;
				CLANG_WARN_UNREACHABLE_CODE = YES;
				CLANG_WARN__DUPLICATE_METHOD_MATCH = YES;
				COPY_PHASE_STRIP = NO;
				DEBUG_INFORMATION_FORMAT = "dwarf-with-dsym";
				ENABLE_NS_ASSERTIONS = NO;
				ENABLE_STRICT_OBJC_MSGSEND = YES;
				GCC_C_LANGUAGE_STANDARD = gnu11;
				GCC_NO_COMMON_BLOCKS = YES;
				GCC_WARN_64_TO_32_BIT_CONVERSION = YES;
				GCC_WARN_ABOUT_RETURN_TYPE = YES_ERROR;
				GCC_WARN_UNDECLARED_SELECTOR = YES;
				GCC_WARN_UNINITIALIZED_AUTOS = YES_AGGRESSIVE;
				GCC_WARN_UNUSED_FUNCTION = YES;
				GCC_WARN_UNUSED_VARIABLE = YES;
				IPHONEOS_DEPLOYMENT_TARGET = 14.4;
				MTL_ENABLE_DEBUG_INFO = NO;
				MTL_FAST_MATH = YES;
				SDKROOT = iphoneos;
				SWIFT_COMPILATION_MODE = wholemodule;
				SWIFT_OPTIMIZATION_LEVEL = "-O";
				VALIDATE_PRODUCT = YES;
			};
			name = Release;
		};
		C5BBA7E925DC31A9001850E1 /* Debug */ = {
			isa = XCBuildConfiguration;
			buildSettings = {
				ASSETCATALOG_COMPILER_APPICON_NAME = AppIcon;
				ASSETCATALOG_COMPILER_GLOBAL_ACCENT_COLOR_NAME = AccentColor;
				CODE_SIGN_STYLE = Automatic;
				DEVELOPMENT_ASSET_PATHS = "\"IATest/Preview Content\"";
				DEVELOPMENT_TEAM = 5K9BZ25Z7G;
				ENABLE_PREVIEWS = YES;
				INFOPLIST_FILE = IATest/Info.plist;
				IPHONEOS_DEPLOYMENT_TARGET = 14.0;
				LD_RUNPATH_SEARCH_PATHS = (
					"$(inherited)",
					"@executable_path/Frameworks",
				);
				PRODUCT_BUNDLE_IDENTIFIER = com.shericksam.IATest;
				PRODUCT_NAME = "$(TARGET_NAME)";
				SWIFT_VERSION = 5.0;
				TARGETED_DEVICE_FAMILY = "1,2";
			};
			name = Debug;
		};
		C5BBA7EA25DC31A9001850E1 /* Release */ = {
			isa = XCBuildConfiguration;
			buildSettings = {
				ASSETCATALOG_COMPILER_APPICON_NAME = AppIcon;
				ASSETCATALOG_COMPILER_GLOBAL_ACCENT_COLOR_NAME = AccentColor;
				CODE_SIGN_STYLE = Automatic;
				DEVELOPMENT_ASSET_PATHS = "\"IATest/Preview Content\"";
				DEVELOPMENT_TEAM = 5K9BZ25Z7G;
				ENABLE_PREVIEWS = YES;
				INFOPLIST_FILE = IATest/Info.plist;
				IPHONEOS_DEPLOYMENT_TARGET = 14.0;
				LD_RUNPATH_SEARCH_PATHS = (
					"$(inherited)",
					"@executable_path/Frameworks",
				);
				PRODUCT_BUNDLE_IDENTIFIER = com.shericksam.IATest;
				PRODUCT_NAME = "$(TARGET_NAME)";
				SWIFT_VERSION = 5.0;
				TARGETED_DEVICE_FAMILY = "1,2";
			};
			name = Release;
		};
		C5BBA7EC25DC31A9001850E1 /* Debug */ = {
			isa = XCBuildConfiguration;
			buildSettings = {
				ALWAYS_EMBED_SWIFT_STANDARD_LIBRARIES = YES;
				BUNDLE_LOADER = "$(TEST_HOST)";
				CODE_SIGN_STYLE = Automatic;
				DEVELOPMENT_TEAM = 5K9BZ25Z7G;
				INFOPLIST_FILE = IATestTests/Info.plist;
				IPHONEOS_DEPLOYMENT_TARGET = 14.0;
				LD_RUNPATH_SEARCH_PATHS = (
					"$(inherited)",
					"@executable_path/Frameworks",
					"@loader_path/Frameworks",
				);
				PRODUCT_BUNDLE_IDENTIFIER = com.shericksam.IATestTests;
				PRODUCT_NAME = "$(TARGET_NAME)";
				SWIFT_VERSION = 5.0;
				TARGETED_DEVICE_FAMILY = "1,2";
				TEST_HOST = "$(BUILT_PRODUCTS_DIR)/IATest.app/IATest";
			};
			name = Debug;
		};
		C5BBA7ED25DC31A9001850E1 /* Release */ = {
			isa = XCBuildConfiguration;
			buildSettings = {
				ALWAYS_EMBED_SWIFT_STANDARD_LIBRARIES = YES;
				BUNDLE_LOADER = "$(TEST_HOST)";
				CODE_SIGN_STYLE = Automatic;
				DEVELOPMENT_TEAM = 5K9BZ25Z7G;
				INFOPLIST_FILE = IATestTests/Info.plist;
				IPHONEOS_DEPLOYMENT_TARGET = 14.0;
				LD_RUNPATH_SEARCH_PATHS = (
					"$(inherited)",
					"@executable_path/Frameworks",
					"@loader_path/Frameworks",
				);
				PRODUCT_BUNDLE_IDENTIFIER = com.shericksam.IATestTests;
				PRODUCT_NAME = "$(TARGET_NAME)";
				SWIFT_VERSION = 5.0;
				TARGETED_DEVICE_FAMILY = "1,2";
				TEST_HOST = "$(BUILT_PRODUCTS_DIR)/IATest.app/IATest";
			};
			name = Release;
		};
		C5BBA7EF25DC31A9001850E1 /* Debug */ = {
			isa = XCBuildConfiguration;
			buildSettings = {
				ALWAYS_EMBED_SWIFT_STANDARD_LIBRARIES = YES;
				CODE_SIGN_STYLE = Automatic;
				DEVELOPMENT_TEAM = 5K9BZ25Z7G;
				INFOPLIST_FILE = IATestUITests/Info.plist;
				LD_RUNPATH_SEARCH_PATHS = (
					"$(inherited)",
					"@executable_path/Frameworks",
					"@loader_path/Frameworks",
				);
				PRODUCT_BUNDLE_IDENTIFIER = com.shericksam.IATestUITests;
				PRODUCT_NAME = "$(TARGET_NAME)";
				SWIFT_VERSION = 5.0;
				TARGETED_DEVICE_FAMILY = "1,2";
				TEST_TARGET_NAME = IATest;
			};
			name = Debug;
		};
		C5BBA7F025DC31A9001850E1 /* Release */ = {
			isa = XCBuildConfiguration;
			buildSettings = {
				ALWAYS_EMBED_SWIFT_STANDARD_LIBRARIES = YES;
				CODE_SIGN_STYLE = Automatic;
				DEVELOPMENT_TEAM = 5K9BZ25Z7G;
				INFOPLIST_FILE = IATestUITests/Info.plist;
				LD_RUNPATH_SEARCH_PATHS = (
					"$(inherited)",
					"@executable_path/Frameworks",
					"@loader_path/Frameworks",
				);
				PRODUCT_BUNDLE_IDENTIFIER = com.shericksam.IATestUITests;
				PRODUCT_NAME = "$(TARGET_NAME)";
				SWIFT_VERSION = 5.0;
				TARGETED_DEVICE_FAMILY = "1,2";
				TEST_TARGET_NAME = IATest;
			};
			name = Release;
		};
/* End XCBuildConfiguration section */

/* Begin XCConfigurationList section */
		C5BBA7B925DC31A5001850E1 /* Build configuration list for PBXProject "IATest" */ = {
			isa = XCConfigurationList;
			buildConfigurations = (
				C5BBA7E625DC31A9001850E1 /* Debug */,
				C5BBA7E725DC31A9001850E1 /* Release */,
			);
			defaultConfigurationIsVisible = 0;
			defaultConfigurationName = Release;
		};
		C5BBA7E825DC31A9001850E1 /* Build configuration list for PBXNativeTarget "IATest" */ = {
			isa = XCConfigurationList;
			buildConfigurations = (
				C5BBA7E925DC31A9001850E1 /* Debug */,
				C5BBA7EA25DC31A9001850E1 /* Release */,
			);
			defaultConfigurationIsVisible = 0;
			defaultConfigurationName = Release;
		};
		C5BBA7EB25DC31A9001850E1 /* Build configuration list for PBXNativeTarget "IATestTests" */ = {
			isa = XCConfigurationList;
			buildConfigurations = (
				C5BBA7EC25DC31A9001850E1 /* Debug */,
				C5BBA7ED25DC31A9001850E1 /* Release */,
			);
			defaultConfigurationIsVisible = 0;
			defaultConfigurationName = Release;
		};
		C5BBA7EE25DC31A9001850E1 /* Build configuration list for PBXNativeTarget "IATestUITests" */ = {
			isa = XCConfigurationList;
			buildConfigurations = (
				C5BBA7EF25DC31A9001850E1 /* Debug */,
				C5BBA7F025DC31A9001850E1 /* Release */,
			);
			defaultConfigurationIsVisible = 0;
			defaultConfigurationName = Release;
		};
/* End XCConfigurationList section */

/* Begin XCRemoteSwiftPackageReference section */
		C5BBA8F325DC7B2F001850E1 /* XCRemoteSwiftPackageReference "RetroSwift" */ = {
			isa = XCRemoteSwiftPackageReference;
			repositoryURL = "https://github.com/shericksam/RetroSwift.git";
			requirement = {
				kind = upToNextMajorVersion;
				minimumVersion = 1.2.1;
			};
		};
/* End XCRemoteSwiftPackageReference section */

/* Begin XCSwiftPackageProductDependency section */
		C5BBA8F425DC7B30001850E1 /* RetroSwift */ = {
			isa = XCSwiftPackageProductDependency;
			package = C5BBA8F325DC7B2F001850E1 /* XCRemoteSwiftPackageReference "RetroSwift" */;
			productName = RetroSwift;
		};
/* End XCSwiftPackageProductDependency section */

/* Begin XCVersionGroup section */
		C5BBA7CC25DC31A9001850E1 /* IATest.xcdatamodeld */ = {
			isa = XCVersionGroup;
			children = (
				C5BBA7CD25DC31A9001850E1 /* IATest.xcdatamodel */,
			);
			currentVersion = C5BBA7CD25DC31A9001850E1 /* IATest.xcdatamodel */;
			path = IATest.xcdatamodeld;
			sourceTree = "<group>";
			versionGroupType = wrapper.xcdatamodel;
		};
/* End XCVersionGroup section */
	};
	rootObject = C5BBA7B625DC31A5001850E1 /* Project object */;
}
